
Microsoft Visual Studio Solution File, Format Version 12.00
# Visual Studio Version 16
VisualStudioVersion = 16.0.31005.135
MinimumVisualStudioVersion = 10.0.40219.1
Project("{8BC9CEB8-8B4A-11D0-8D11-00A0C91BC942}") = "PA2", "PA2\PA2.vcxproj", "{F2836A55-CCF4-4037-AC78-2CFE73E409EF}"
EndProject
Project("{8BC9CEB8-8B4A-11D0-8D11-00A0C91BC942}") = "Test Driver", "Test Driver\Test Driver.vcxproj", "{F22DF523-63BE-444E-A7F4-FF1FBF338012}"
EndProject
Global
	GlobalSection(SolutionConfigurationPlatforms) = preSolution
		Debug|x64 = Debug|x64
		Debug|x86 = Debug|x86
		Release|x64 = Release|x64
		Release|x86 = Release|x86
	EndGlobalSection
	GlobalSection(ProjectConfigurationPlatforms) = postSolution
		{F2836A55-CCF4-4037-AC78-2CFE73E409EF}.Debug|x64.ActiveCfg = Debug|x64
		{F2836A55-CCF4-4037-AC78-2CFE73E409EF}.Debug|x64.Build.0 = Debug|x64
		{F2836A55-CCF4-4037-AC78-2CFE73E409EF}.Debug|x86.ActiveCfg = Debug|Win32
		{F2836A55-CCF4-4037-AC78-2CFE73E409EF}.Debug|x86.Build.0 = Debug|Win32
		{F2836A55-CCF4-4037-AC78-2CFE73E409EF}.Release|x64.ActiveCfg = Release|x64
		{F2836A55-CCF4-4037-AC78-2CFE73E409EF}.Release|x64.Build.0 = Release|x64
		{F2836A55-CCF4-4037-AC78-2CFE73E409EF}.Release|x86.ActiveCfg = Release|Win32
		{F2836A55-CCF4-4037-AC78-2CFE73E409EF}.Release|x86.Build.0 = Release|Win32
		{F22DF523-63BE-444E-A7F4-FF1FBF338012}.Debug|x64.ActiveCfg = Debug|x64
		{F22DF523-63BE-444E-A7F4-FF1FBF338012}.Debug|x64.Build.0 = Debug|x64
		{F22DF523-63BE-444E-A7F4-FF1FBF338012}.Debug|x86.ActiveCfg = Debug|Win32
		{F22DF523-63BE-444E-A7F4-FF1FBF338012}.Debug|x86.Build.0 = Debug|Win32
		{F22DF523-63BE-444E-A7F4-FF1FBF338012}.Release|x64.ActiveCfg = Release|x64
		{F22DF523-63BE-444E-A7F4-FF1FBF338012}.Release|x64.Build.0 = Release|x64
		{F22DF523-63BE-444E-A7F4-FF1FBF338012}.Release|x86.ActiveCfg = Release|Win32
		{F22DF523-63BE-444E-A7F4-FF1FBF338012}.Release|x86.Build.0 = Release|Win32
	EndGlobalSection
	GlobalSection(SolutionProperties) = preSolution
		HideSolutionNode = FALSE
	EndGlobalSection
	GlobalSection(ExtensibilityGlobals) = postSolution
		SolutionGuid = {CADF0A3F-1CC0-47C1-BE79-C1780186586C}
	EndGlobalSection
EndGlobal
